# THIS IS AN AUTOGENERATED FILE. DO NOT EDIT THIS FILE DIRECTLY.
# yarn lockfile v1


"@aws-cdk/assets@^1.6.1":
  version "1.6.1"
  resolved "https://registry.yarnpkg.com/@aws-cdk/assets/-/assets-1.6.1.tgz#deb0f73079a55c8a38916861c5d59f28f7b5700e"
  integrity sha512-yX8udFfq7gpZ167y8gKOyFVOHV0cUfdfK1BSGBmRA1rh7tNAsK9Ah8dGEm+garP+xsEC/TrDUi2+ypswgUm29w==
  dependencies:
    "@aws-cdk/core" "^1.6.1"
    "@aws-cdk/cx-api" "^1.6.1"
    minimatch "^3.0.4"

"@aws-cdk/aws-apigateway@^1.6.1":
  version "1.6.1"
  resolved "https://registry.yarnpkg.com/@aws-cdk/aws-apigateway/-/aws-apigateway-1.6.1.tgz#7e90a0da6addb9fef94dc43f9bf6eee935296987"
  integrity sha512-zNb2XyNsGdlyN8/Afe4aTH/8fsYbJS8EjlxIwGfJeCwXxK5K5BvYk5QJ7UZyKas8Kd6/cmD6uobB7n2ioJOY1w==
  dependencies:
    "@aws-cdk/aws-certificatemanager" "^1.6.1"
    "@aws-cdk/aws-elasticloadbalancingv2" "^1.6.1"
    "@aws-cdk/aws-iam" "^1.6.1"
    "@aws-cdk/aws-lambda" "^1.6.1"
    "@aws-cdk/core" "^1.6.1"

"@aws-cdk/aws-applicationautoscaling@^1.6.1":
  version "1.6.1"
  resolved "https://registry.yarnpkg.com/@aws-cdk/aws-applicationautoscaling/-/aws-applicationautoscaling-1.6.1.tgz#d0730da6963f3e760f51bc56c09b7fe2412387f2"
  integrity sha512-gl/e6aswwCcWhUSDxZrDQz+3UsQwPnGFKI5Ve6ATd7glAaCjv+5x8W9zKLBvxnG8ZafVdBXBe/5amXQX7c/uRA==
  dependencies:
    "@aws-cdk/aws-autoscaling-common" "^1.6.1"
    "@aws-cdk/aws-cloudwatch" "^1.6.1"
    "@aws-cdk/aws-iam" "^1.6.1"
    "@aws-cdk/core" "^1.6.1"

"@aws-cdk/aws-autoscaling-common@^1.6.1":
  version "1.6.1"
  resolved "https://registry.yarnpkg.com/@aws-cdk/aws-autoscaling-common/-/aws-autoscaling-common-1.6.1.tgz#b2c1e0c408f5563888fbccf202634de2201c13db"
  integrity sha512-IfDUD5QOpP5GTEDLfIEPkLfCQPWhJxiRYxSV+ilLI5ZLrmdMWFKoPkNnKuaOM7bnpqr/kCK0HyXQ6cPrImJqTA==
  dependencies:
    "@aws-cdk/aws-iam" "^1.6.1"
    "@aws-cdk/core" "^1.6.1"

"@aws-cdk/aws-autoscaling-hooktargets@^1.6.1":
  version "1.6.1"
  resolved "https://registry.yarnpkg.com/@aws-cdk/aws-autoscaling-hooktargets/-/aws-autoscaling-hooktargets-1.6.1.tgz#f40fe16179aab1bef75f1a426fcfe5c02ce12519"
  integrity sha512-kg+0b7G/DKatEg5qWckXiRkHO/ICrT8DHvmAJE7bwdUS8voSMoUX83EldsVBOHQ43KqgwceORlB9+WFQuMfhEg==
  dependencies:
    "@aws-cdk/aws-autoscaling" "^1.6.1"
    "@aws-cdk/aws-iam" "^1.6.1"
    "@aws-cdk/aws-lambda" "^1.6.1"
    "@aws-cdk/aws-sns" "^1.6.1"
    "@aws-cdk/aws-sns-subscriptions" "^1.6.1"
    "@aws-cdk/aws-sqs" "^1.6.1"
    "@aws-cdk/core" "^1.6.1"

"@aws-cdk/aws-autoscaling@^1.6.1":
  version "1.6.1"
  resolved "https://registry.yarnpkg.com/@aws-cdk/aws-autoscaling/-/aws-autoscaling-1.6.1.tgz#e0d35507800cdfa1bb95d848fb138d4b3db2c3c8"
  integrity sha512-2kfbqdiBOBmPj4Ap9Dz8jJPUdSQOt+lafC3NgMFYPja/MxBbZTOyklO/qodVagVNEUzSeb4EiyJGiZzCboPiSw==
  dependencies:
    "@aws-cdk/aws-autoscaling-common" "^1.6.1"
    "@aws-cdk/aws-cloudwatch" "^1.6.1"
    "@aws-cdk/aws-ec2" "^1.6.1"
    "@aws-cdk/aws-elasticloadbalancing" "^1.6.1"
    "@aws-cdk/aws-elasticloadbalancingv2" "^1.6.1"
    "@aws-cdk/aws-iam" "^1.6.1"
    "@aws-cdk/aws-sns" "^1.6.1"
    "@aws-cdk/core" "^1.6.1"

"@aws-cdk/aws-certificatemanager@^1.6.1":
  version "1.6.1"
  resolved "https://registry.yarnpkg.com/@aws-cdk/aws-certificatemanager/-/aws-certificatemanager-1.6.1.tgz#eef699d6b8ba39e0ca1da8747df5b81a03244319"
  integrity sha512-OZNQH/EDzMyipXw6vZFbdxOFJggEODXQv3Yi6dR8UNjG5DsQL4gSULYx3D7i06tYrpcUesqPj1RwIHebwck8kg==
  dependencies:
    "@aws-cdk/aws-cloudformation" "^1.6.1"
    "@aws-cdk/aws-iam" "^1.6.1"
    "@aws-cdk/aws-lambda" "^1.6.1"
    "@aws-cdk/aws-route53" "^1.6.1"
    "@aws-cdk/core" "^1.6.1"

"@aws-cdk/aws-cloudformation@^1.6.1":
  version "1.6.1"
  resolved "https://registry.yarnpkg.com/@aws-cdk/aws-cloudformation/-/aws-cloudformation-1.6.1.tgz#2d02919890d7a36ae2d1a2f0be1e25de150714f3"
  integrity sha512-Uv4gEWGb1RIKWFEraq1fXMPHAcEcvn9qkNpBqm5XcFPm7OyKH0MLEICDXKWkniNFrv1rKMU6G3vEkSaGxga01w==
  dependencies:
    "@aws-cdk/aws-iam" "^1.6.1"
    "@aws-cdk/aws-lambda" "^1.6.1"
    "@aws-cdk/aws-sns" "^1.6.1"
    "@aws-cdk/core" "^1.6.1"

"@aws-cdk/aws-cloudfront@^1.6.1":
  version "1.6.1"
  resolved "https://registry.yarnpkg.com/@aws-cdk/aws-cloudfront/-/aws-cloudfront-1.6.1.tgz#23c6c76bf83c38e543bf096dc90142108a16ab68"
  integrity sha512-laE8iNWoKumenB+Mql+gPR7AneKDYPsnfMGAK83fKBHX8o0sfG8en2VuqfPcqLcZsAnQLgF3gRN6Lh8u58I7nA==
  dependencies:
    "@aws-cdk/aws-certificatemanager" "^1.6.1"
    "@aws-cdk/aws-iam" "^1.6.1"
    "@aws-cdk/aws-kms" "^1.6.1"
    "@aws-cdk/aws-lambda" "^1.6.1"
    "@aws-cdk/aws-s3" "^1.6.1"
    "@aws-cdk/core" "^1.6.1"

"@aws-cdk/aws-cloudwatch@^1.6.1":
  version "1.6.1"
  resolved "https://registry.yarnpkg.com/@aws-cdk/aws-cloudwatch/-/aws-cloudwatch-1.6.1.tgz#5b6414d009455e9beec02b4b56325280b3b1e175"
  integrity sha512-vVa2tByqCdfvBhj/clalwX4dsTXFODMvC+qb9eqlqjkfChAplxMpy9et5YUqY4YTkUwm053lOSFEcorahlH+UA==
  dependencies:
    "@aws-cdk/aws-iam" "^1.6.1"
    "@aws-cdk/core" "^1.6.1"

"@aws-cdk/aws-codebuild@^1.6.1":
  version "1.6.1"
  resolved "https://registry.yarnpkg.com/@aws-cdk/aws-codebuild/-/aws-codebuild-1.6.1.tgz#764370aed678f9e14dabc08102d4e044d29f696b"
  integrity sha512-PBICD6/AbuzTQWB6VksFVfXS09OfqILf4mVLwdg/FVADSClAbBwnjFOUQf9cHqEoq2VuskwCqliIg2BrS9eLhg==
  dependencies:
    "@aws-cdk/assets" "^1.6.1"
    "@aws-cdk/aws-cloudwatch" "^1.6.1"
    "@aws-cdk/aws-codecommit" "^1.6.1"
    "@aws-cdk/aws-ec2" "^1.6.1"
    "@aws-cdk/aws-ecr" "^1.6.1"
    "@aws-cdk/aws-ecr-assets" "^1.6.1"
    "@aws-cdk/aws-events" "^1.6.1"
    "@aws-cdk/aws-iam" "^1.6.1"
    "@aws-cdk/aws-kms" "^1.6.1"
    "@aws-cdk/aws-s3" "^1.6.1"
    "@aws-cdk/aws-s3-assets" "^1.6.1"
    "@aws-cdk/aws-secretsmanager" "^1.6.1"
    "@aws-cdk/core" "^1.6.1"

"@aws-cdk/aws-codecommit@^1.6.1":
  version "1.6.1"
  resolved "https://registry.yarnpkg.com/@aws-cdk/aws-codecommit/-/aws-codecommit-1.6.1.tgz#81a77ac672cf2d749b778af37de1cf9379395358"
  integrity sha512-5ZKZSnDYvZRkpkzAKnZ8if0uxnAFIvvgQoNllWAXLE1FjbWEuvDFzt2OFof40bPOaAP3ZcnlFuUMSxn17b+uIA==
  dependencies:
    "@aws-cdk/aws-events" "^1.6.1"
    "@aws-cdk/aws-iam" "^1.6.1"
    "@aws-cdk/core" "^1.6.1"

"@aws-cdk/aws-codepipeline@^1.6.1":
  version "1.6.1"
  resolved "https://registry.yarnpkg.com/@aws-cdk/aws-codepipeline/-/aws-codepipeline-1.6.1.tgz#9e8115212624394670ea7e8c594815104d98289c"
  integrity sha512-H0e0LiYudf0CVka27+71zIpYlQSbzWvTC+9y40ncsyPKDyTxJJELXAGbKkt1cXGAUQqN7/4Ys32WqzhhSu+KIw==
  dependencies:
    "@aws-cdk/aws-events" "^1.6.1"
    "@aws-cdk/aws-iam" "^1.6.1"
    "@aws-cdk/aws-kms" "^1.6.1"
    "@aws-cdk/aws-s3" "^1.6.1"
    "@aws-cdk/core" "^1.6.1"

"@aws-cdk/aws-ec2@^1.6.1":
  version "1.6.1"
  resolved "https://registry.yarnpkg.com/@aws-cdk/aws-ec2/-/aws-ec2-1.6.1.tgz#2503f54dc167d8345c97ce2558fae8b08185309a"
  integrity sha512-gMCk96vjCY8Wc1GGdncaJtU3PshAkrS5eJT7ZhDrhczao+NrH6OGoZvHBYd++ZtJ41AAXUnan4LhTeGnTxPSEA==
  dependencies:
    "@aws-cdk/aws-cloudwatch" "^1.6.1"
    "@aws-cdk/aws-iam" "^1.6.1"
    "@aws-cdk/aws-ssm" "^1.6.1"
    "@aws-cdk/core" "^1.6.1"
    "@aws-cdk/cx-api" "^1.6.1"

"@aws-cdk/aws-ecr-assets@^1.6.1":
  version "1.6.1"
  resolved "https://registry.yarnpkg.com/@aws-cdk/aws-ecr-assets/-/aws-ecr-assets-1.6.1.tgz#334481c177e337a07419c32e026e2a2a1b997f81"
  integrity sha512-N2IPRITC+iXS+nkurX/w0eRkbN5DS5Ah6H2m14D9EKwWu59Qcmyssw5TXgiF7gJgsXwhTEhuE3zcd9XTQWcDEw==
  dependencies:
    "@aws-cdk/assets" "^1.6.1"
    "@aws-cdk/aws-cloudformation" "^1.6.1"
    "@aws-cdk/aws-ecr" "^1.6.1"
    "@aws-cdk/aws-iam" "^1.6.1"
    "@aws-cdk/aws-lambda" "^1.6.1"
    "@aws-cdk/aws-s3" "^1.6.1"
    "@aws-cdk/core" "^1.6.1"
    "@aws-cdk/cx-api" "^1.6.1"

"@aws-cdk/aws-ecr@^1.6.1":
  version "1.6.1"
  resolved "https://registry.yarnpkg.com/@aws-cdk/aws-ecr/-/aws-ecr-1.6.1.tgz#05a4c22c31e57e626f731430698f3272c089863f"
  integrity sha512-fhnHFob8HzouRCJWsW+6OMQ1qDXkpLlZuBeDyjU6JEsw0mElK2mxan7LweenPw7si3lOUooRhwlP3+MY4xK2qg==
  dependencies:
    "@aws-cdk/aws-events" "^1.6.1"
    "@aws-cdk/aws-iam" "^1.6.1"
    "@aws-cdk/core" "^1.6.1"

"@aws-cdk/aws-ecs@^1.6.1":
  version "1.6.1"
  resolved "https://registry.yarnpkg.com/@aws-cdk/aws-ecs/-/aws-ecs-1.6.1.tgz#9117df70739af62d5c298fd8e8ac11c19a4909e5"
  integrity sha512-puSncM/aze3hSSov0kqWKQlBORVfWDJJ3EWNNWTJIUa3aaHvL8N+GrJL/nZR5zwluH9YwxpwjzjyUdovj0KvJw==
  dependencies:
    "@aws-cdk/aws-applicationautoscaling" "^1.6.1"
    "@aws-cdk/aws-autoscaling" "^1.6.1"
    "@aws-cdk/aws-autoscaling-hooktargets" "^1.6.1"
    "@aws-cdk/aws-certificatemanager" "^1.6.1"
    "@aws-cdk/aws-cloudformation" "^1.6.1"
    "@aws-cdk/aws-cloudwatch" "^1.6.1"
    "@aws-cdk/aws-ec2" "^1.6.1"
    "@aws-cdk/aws-ecr" "^1.6.1"
    "@aws-cdk/aws-ecr-assets" "^1.6.1"
    "@aws-cdk/aws-elasticloadbalancing" "^1.6.1"
    "@aws-cdk/aws-elasticloadbalancingv2" "^1.6.1"
    "@aws-cdk/aws-iam" "^1.6.1"
    "@aws-cdk/aws-lambda" "^1.6.1"
    "@aws-cdk/aws-logs" "^1.6.1"
    "@aws-cdk/aws-route53" "^1.6.1"
    "@aws-cdk/aws-route53-targets" "^1.6.1"
    "@aws-cdk/aws-secretsmanager" "^1.6.1"
    "@aws-cdk/aws-servicediscovery" "^1.6.1"
    "@aws-cdk/aws-sns" "^1.6.1"
    "@aws-cdk/aws-sqs" "^1.6.1"
    "@aws-cdk/aws-ssm" "^1.6.1"
    "@aws-cdk/core" "^1.6.1"
    "@aws-cdk/cx-api" "^1.6.1"

"@aws-cdk/aws-elasticloadbalancing@^1.6.1":
  version "1.6.1"
  resolved "https://registry.yarnpkg.com/@aws-cdk/aws-elasticloadbalancing/-/aws-elasticloadbalancing-1.6.1.tgz#1a45f797b880caa013ceec21bc1b43e361ad6588"
  integrity sha512-kOGuZROA95y61K6zfNpxWYKL0nmzOK0Rqd26CfrK/Ph2IYX0b8Ie3wr3igNpSDbLZHM+XJ30ecOcYtiw0utOTQ==
  dependencies:
    "@aws-cdk/aws-ec2" "^1.6.1"
    "@aws-cdk/core" "^1.6.1"

"@aws-cdk/aws-elasticloadbalancingv2@^1.6.1":
  version "1.6.1"
  resolved "https://registry.yarnpkg.com/@aws-cdk/aws-elasticloadbalancingv2/-/aws-elasticloadbalancingv2-1.6.1.tgz#eb8d48f62688334cd9c475d1e8b900b2118f6ae7"
  integrity sha512-Vn+hcqDhuVoqXGsQoIDzc/BT1pCBTnRIqURK4bQTktAFjnl+nh8mNP1tkpprLtgn3FjPsfYi+KshzBdxhe/84g==
  dependencies:
    "@aws-cdk/aws-certificatemanager" "^1.6.1"
    "@aws-cdk/aws-cloudwatch" "^1.6.1"
    "@aws-cdk/aws-ec2" "^1.6.1"
    "@aws-cdk/aws-iam" "^1.6.1"
    "@aws-cdk/aws-lambda" "^1.6.1"
    "@aws-cdk/aws-s3" "^1.6.1"
    "@aws-cdk/core" "^1.6.1"

"@aws-cdk/aws-events-targets@^1.6.1":
  version "1.6.1"
  resolved "https://registry.yarnpkg.com/@aws-cdk/aws-events-targets/-/aws-events-targets-1.6.1.tgz#24461464b7bc089f16461706c8db1b496a0655be"
  integrity sha512-yFKmTvi2GTNOewClcmcjNDgdtLfdj29crPtm7OPe37LAFko07l1gLABkKFK9IL4R1q2zSqw5yqepnO1g7ySayA==
  dependencies:
    "@aws-cdk/aws-cloudformation" "^1.6.1"
    "@aws-cdk/aws-codebuild" "^1.6.1"
    "@aws-cdk/aws-codepipeline" "^1.6.1"
    "@aws-cdk/aws-ec2" "^1.6.1"
    "@aws-cdk/aws-ecs" "^1.6.1"
    "@aws-cdk/aws-events" "^1.6.1"
    "@aws-cdk/aws-iam" "^1.6.1"
    "@aws-cdk/aws-lambda" "^1.6.1"
    "@aws-cdk/aws-sns" "^1.6.1"
    "@aws-cdk/aws-sns-subscriptions" "^1.6.1"
    "@aws-cdk/aws-sqs" "^1.6.1"
    "@aws-cdk/aws-stepfunctions" "^1.6.1"
    "@aws-cdk/core" "^1.6.1"
    "@aws-cdk/custom-resources" "^1.6.1"

"@aws-cdk/aws-events@^1.6.1":
  version "1.6.1"
  resolved "https://registry.yarnpkg.com/@aws-cdk/aws-events/-/aws-events-1.6.1.tgz#9812e7ee7c0de370e937783a6517da15c8d3bd7b"
  integrity sha512-EMzv4BKNLV6KhqcEsDGKCvb663PJ/BsPhMR32t381j//PY612esa+uWpo4ZCe1GoQv7IHleAJzEFCe7nSwzmyg==
  dependencies:
    "@aws-cdk/aws-iam" "^1.6.1"
    "@aws-cdk/core" "^1.6.1"

"@aws-cdk/aws-iam@^1.6.1":
  version "1.6.1"
  resolved "https://registry.yarnpkg.com/@aws-cdk/aws-iam/-/aws-iam-1.6.1.tgz#48849357e74cec9862445a88f25895f29e418a42"
  integrity sha512-lxOr+m1mmPk+NNpoYh7Zu3k7KL+b8wrSKMscg0/Z/C1sidNtpj0HHCZMsBCyD/w3+mrNBz9Z9cKz5ZyM3OVZZg==
  dependencies:
    "@aws-cdk/core" "^1.6.1"
    "@aws-cdk/region-info" "^1.6.1"

"@aws-cdk/aws-kms@^1.6.1":
  version "1.6.1"
  resolved "https://registry.yarnpkg.com/@aws-cdk/aws-kms/-/aws-kms-1.6.1.tgz#5ca2b3815d722d0f1a844c50882b48eb45e17a87"
  integrity sha512-gCk192lJQk/QZvNXCt2JZiA79vofZmRdz1KBtxDdDa5dP+7zjHoSSVWns2/WCfS4isZtZFKUqcO7jSOrhktZWQ==
  dependencies:
    "@aws-cdk/aws-iam" "^1.6.1"
    "@aws-cdk/core" "^1.6.1"

"@aws-cdk/aws-lambda@^1.6.1":
  version "1.6.1"
  resolved "https://registry.yarnpkg.com/@aws-cdk/aws-lambda/-/aws-lambda-1.6.1.tgz#e55745731386961bdbd0f478664397d6dbbe5b54"
  integrity sha512-MkfmjpGx9ongUcSak3Da5ZNppPbp0JQEMZcu1pxg2wFwxqrgaC8rsax9qfLumWDIzhS1U854gw0JoqUNoJIYsA==
  dependencies:
    "@aws-cdk/aws-cloudwatch" "^1.6.1"
    "@aws-cdk/aws-ec2" "^1.6.1"
    "@aws-cdk/aws-events" "^1.6.1"
    "@aws-cdk/aws-iam" "^1.6.1"
    "@aws-cdk/aws-logs" "^1.6.1"
    "@aws-cdk/aws-s3" "^1.6.1"
    "@aws-cdk/aws-s3-assets" "^1.6.1"
    "@aws-cdk/aws-sqs" "^1.6.1"
    "@aws-cdk/core" "^1.6.1"
    "@aws-cdk/cx-api" "^1.6.1"

"@aws-cdk/aws-logs@^1.6.1":
  version "1.6.1"
  resolved "https://registry.yarnpkg.com/@aws-cdk/aws-logs/-/aws-logs-1.6.1.tgz#dd386445135ecb3740a2a9c559abbf98b0956bae"
  integrity sha512-oIssWFnI1UTmic5puN4k3EYdg1AOL0kxIeuH5rNwA+ucsZHU4b6Qug04T9BZ3m+L51fzvC4O0aMIu7WQav5/Iw==
  dependencies:
    "@aws-cdk/aws-cloudwatch" "^1.6.1"
    "@aws-cdk/aws-iam" "^1.6.1"
    "@aws-cdk/core" "^1.6.1"

"@aws-cdk/aws-route53-targets@^1.6.1":
  version "1.6.1"
  resolved "https://registry.yarnpkg.com/@aws-cdk/aws-route53-targets/-/aws-route53-targets-1.6.1.tgz#1e268fcb00c2de661f0079f9333793b2d8c81069"
  integrity sha512-zwW0O4h3fUSoVXYLiDkLvIPWPPqjtPWI02s3oWBL6dMbtRYB99XCpxKWAssrnGB0+YSY2vhAr5WUbgOPNA1G3Q==
  dependencies:
    "@aws-cdk/aws-apigateway" "^1.6.1"
    "@aws-cdk/aws-cloudfront" "^1.6.1"
    "@aws-cdk/aws-elasticloadbalancing" "^1.6.1"
    "@aws-cdk/aws-elasticloadbalancingv2" "^1.6.1"
    "@aws-cdk/aws-iam" "^1.6.1"
    "@aws-cdk/aws-route53" "^1.6.1"
    "@aws-cdk/aws-s3" "^1.6.1"
    "@aws-cdk/core" "^1.6.1"
    "@aws-cdk/region-info" "^1.6.1"

"@aws-cdk/aws-route53@^1.6.1":
  version "1.6.1"
  resolved "https://registry.yarnpkg.com/@aws-cdk/aws-route53/-/aws-route53-1.6.1.tgz#ba3e1d1b4b25a93600a88a02fab58de3a4349807"
  integrity sha512-rx6qCDKJPY6gcpNLo5REt0fFKnSp4+hrBj4O6/uLzZeO60ssaAIDQarObKY2vNgrgWVSGNxj45RutqxQjGo7Mw==
  dependencies:
    "@aws-cdk/aws-ec2" "^1.6.1"
    "@aws-cdk/aws-logs" "^1.6.1"
    "@aws-cdk/core" "^1.6.1"
    "@aws-cdk/cx-api" "^1.6.1"

"@aws-cdk/aws-s3-assets@^1.6.1":
  version "1.6.1"
  resolved "https://registry.yarnpkg.com/@aws-cdk/aws-s3-assets/-/aws-s3-assets-1.6.1.tgz#0b23eceb7a0e7c2ffacbbae1c098d67f972a3897"
  integrity sha512-qh5KLDFw1HfFmnP0k2fKJDBmcL1SM8/qLL4IQmZpxllPc9SVLhQ165ZxW4jpZWZSnBvVY6ebYN4bnwleEYge6A==
  dependencies:
    "@aws-cdk/assets" "^1.6.1"
    "@aws-cdk/aws-iam" "^1.6.1"
    "@aws-cdk/aws-s3" "^1.6.1"
    "@aws-cdk/core" "^1.6.1"
    "@aws-cdk/cx-api" "^1.6.1"

"@aws-cdk/aws-s3@^1.6.1":
  version "1.6.1"
  resolved "https://registry.yarnpkg.com/@aws-cdk/aws-s3/-/aws-s3-1.6.1.tgz#bb8ea8240f5886a7ee53919c03de7fff94508a1a"
  integrity sha512-t5Xx/zOXpBytVVWCwJJm0yJB+f2NmAbE1bJPuJ1rCyEJ3l8mUQu8qNoLksLgov8IGoBoqVXS0t2S/LnTqTDEhw==
  dependencies:
    "@aws-cdk/aws-events" "^1.6.1"
    "@aws-cdk/aws-iam" "^1.6.1"
    "@aws-cdk/aws-kms" "^1.6.1"
    "@aws-cdk/core" "^1.6.1"

"@aws-cdk/aws-secretsmanager@^1.6.1":
  version "1.6.1"
  resolved "https://registry.yarnpkg.com/@aws-cdk/aws-secretsmanager/-/aws-secretsmanager-1.6.1.tgz#5b4d088efbd68fa808222175dad85fd2103ee88b"
  integrity sha512-rWu0xe96sqVGKqxgh751Uwq8aLVx9R8a6o8V28WjK5oa195OnEmCP4/n7uzOvVP/VkbFW9M0iq/Wmm+BxXA3IA==
  dependencies:
    "@aws-cdk/aws-ec2" "^1.6.1"
    "@aws-cdk/aws-iam" "^1.6.1"
    "@aws-cdk/aws-kms" "^1.6.1"
    "@aws-cdk/aws-lambda" "^1.6.1"
    "@aws-cdk/core" "^1.6.1"

"@aws-cdk/aws-servicediscovery@^1.6.1":
  version "1.6.1"
  resolved "https://registry.yarnpkg.com/@aws-cdk/aws-servicediscovery/-/aws-servicediscovery-1.6.1.tgz#d9ebc7d88e53a6d3134473a7df1a254c35646211"
  integrity sha512-y6NwywAP0pQsQJedhTB7QhWxzcwrJWlef9EylN0DPzwQAg54KSF0e4nanF5F511mqa7kNkKadw40PbtuiR2atQ==
  dependencies:
    "@aws-cdk/aws-ec2" "^1.6.1"
    "@aws-cdk/aws-elasticloadbalancingv2" "^1.6.1"
    "@aws-cdk/aws-route53" "^1.6.1"
    "@aws-cdk/core" "^1.6.1"

"@aws-cdk/aws-sns-subscriptions@^1.6.1":
  version "1.6.1"
  resolved "https://registry.yarnpkg.com/@aws-cdk/aws-sns-subscriptions/-/aws-sns-subscriptions-1.6.1.tgz#64b5721f08a9ad392a3d95fab97997b1d2a20a75"
  integrity sha512-EGb3n6cRnD4fjkXWFwOsXqDe1nA09LKMyjLuZDJqiWX+Zk+y9yLxwLpqIBhmkkhvQ4b6zNJCSc4Nya1rEt2j8g==
  dependencies:
    "@aws-cdk/aws-iam" "^1.6.1"
    "@aws-cdk/aws-lambda" "^1.6.1"
    "@aws-cdk/aws-sns" "^1.6.1"
    "@aws-cdk/aws-sqs" "^1.6.1"
    "@aws-cdk/core" "^1.6.1"

"@aws-cdk/aws-sns@^1.6.1":
  version "1.6.1"
  resolved "https://registry.yarnpkg.com/@aws-cdk/aws-sns/-/aws-sns-1.6.1.tgz#f475e8caba88add47410e2989e3c29f8ee5dddeb"
  integrity sha512-RsTML8vQYbgw+URh8invxMSKqLPbXDgBO7UFS7qNEh6VOCgxXQi5mh3cg0w1hi/l68wlIHY7oRWXUFn7kZZUIw==
  dependencies:
    "@aws-cdk/aws-cloudwatch" "^1.6.1"
    "@aws-cdk/aws-events" "^1.6.1"
    "@aws-cdk/aws-iam" "^1.6.1"
    "@aws-cdk/core" "^1.6.1"

"@aws-cdk/aws-sqs@^1.6.1":
  version "1.6.1"
  resolved "https://registry.yarnpkg.com/@aws-cdk/aws-sqs/-/aws-sqs-1.6.1.tgz#bf8794876b4539a8b12cf1c10cceeaf02fada239"
  integrity sha512-ECRfj50hKXorCn/QBPdGnYO7QgXVSVtCxIYZO1OBiOmDdeLyCDtHDU/yW+0oKK2KSIwox+KuuGMcMkPp6QzP6w==
  dependencies:
    "@aws-cdk/aws-cloudwatch" "^1.6.1"
    "@aws-cdk/aws-iam" "^1.6.1"
    "@aws-cdk/aws-kms" "^1.6.1"
    "@aws-cdk/core" "^1.6.1"

"@aws-cdk/aws-ssm@^1.6.1":
  version "1.6.1"
  resolved "https://registry.yarnpkg.com/@aws-cdk/aws-ssm/-/aws-ssm-1.6.1.tgz#b9264723f913b9fc2137bcef8e53ac3beb029963"
  integrity sha512-nSQsKNoUwbEwQ66lzO0z3+VR/jr4ABl9f9cEGHdja8pYdjEUJRIrCPW0treC0CRoanwfGWg5u2a8dLCQaBvLbA==
  dependencies:
    "@aws-cdk/aws-iam" "^1.6.1"
    "@aws-cdk/core" "^1.6.1"
    "@aws-cdk/cx-api" "^1.6.1"

"@aws-cdk/aws-stepfunctions@^1.6.1":
  version "1.6.1"
  resolved "https://registry.yarnpkg.com/@aws-cdk/aws-stepfunctions/-/aws-stepfunctions-1.6.1.tgz#af0760d881a9414d75454a95ab5c83d481f875da"
  integrity sha512-8DSRsTwgldmIaumq5+d+6qiBNhc30kKnUIMAG8yrqikXJt+Hdf6NMXs7TVMNTMQ2LLBtSXwgyJ0dRcfklU4qoQ==
  dependencies:
    "@aws-cdk/aws-cloudwatch" "^1.6.1"
    "@aws-cdk/aws-events" "^1.6.1"
    "@aws-cdk/aws-iam" "^1.6.1"
    "@aws-cdk/core" "^1.6.1"

"@aws-cdk/core@^1.6.1":
  version "1.6.1"
  resolved "https://registry.yarnpkg.com/@aws-cdk/core/-/core-1.6.1.tgz#fef1da84454e0f56587d68a3ea6e961df565a187"
  integrity sha512-FC0iG1hQ8gg2+6TdmHycLnlUOTrJMxGerJt8YB267TC5vquTN9xMZjaOghX0ukYRf1tGcglnJmC5mjCdIL2KdA==
  dependencies:
    "@aws-cdk/cx-api" "^1.6.1"

"@aws-cdk/custom-resources@^1.6.1":
  version "1.6.1"
  resolved "https://registry.yarnpkg.com/@aws-cdk/custom-resources/-/custom-resources-1.6.1.tgz#b80ee27a8ab6e945bef97421fa3b97063005eb18"
  integrity sha512-nFhrstXMI99dZkR2dW0kn+G0Ei3FEWL30LcIKBQ1pz3hFr52iEWNZLgHVMfqDh5sjjYG36fMTgJRKBeb/U/hnQ==
  dependencies:
    "@aws-cdk/aws-cloudformation" "^1.6.1"
    "@aws-cdk/aws-iam" "^1.6.1"
    "@aws-cdk/aws-lambda" "^1.6.1"
    "@aws-cdk/aws-sns" "^1.6.1"
    "@aws-cdk/core" "^1.6.1"

"@aws-cdk/cx-api@^1.6.1":
  version "1.6.1"
  resolved "https://registry.yarnpkg.com/@aws-cdk/cx-api/-/cx-api-1.6.1.tgz#8be31dcc2595babbaf38247af071f46fae8f401e"
  integrity sha512-3iaJnuJhRYeHsP/3+L+1fcEfmZ8WnP9s7Dztg1FLaqQK6Tss1MbLEbhHwjADYsEAVdZUL0u5twjmCOviKfNHbg==
  dependencies:
    semver "^6.3.0"

"@aws-cdk/region-info@^1.6.1":
  version "1.6.1"
  resolved "https://registry.yarnpkg.com/@aws-cdk/region-info/-/region-info-1.6.1.tgz#01349e4f376da21c943d90e2a37b7cfb48eafe10"
  integrity sha512-FEt9GubTQ39xm84gkMhV67HuKLcu7oE7sRII+7MICShnT8dI+r0KYFMTbp9GOYtT6v5aWrc+hNB8bHltiBwgDg==

"@types/node@^12.7.3":
  version "12.7.3"
  resolved "https://registry.yarnpkg.com/@types/node/-/node-12.7.3.tgz#27b3f40addaf2f580459fdb405222685542f907a"
  integrity sha512-3SiLAIBkDWDg6vFo0+5YJyHPWU9uwu40Qe+v+0MH8wRKYBimHvvAOyk3EzMrD/TrIlLYfXrqDqrg913PynrMJQ==

balanced-match@^1.0.0:
  version "1.0.0"
  resolved "https://registry.yarnpkg.com/balanced-match/-/balanced-match-1.0.0.tgz#89b4d199ab2bee49de164ea02b89ce462d71b767"
  integrity sha1-ibTRmasr7kneFk6gK4nORi1xt2c=

brace-expansion@^1.1.7:
  version "1.1.11"
  resolved "https://registry.yarnpkg.com/brace-expansion/-/brace-expansion-1.1.11.tgz#3c7fcbf529d87226f3d2f52b966ff5271eb441dd"
  integrity sha512-iCuPHDFgrHX7H2vEI/5xpz07zSHB00TpugqhmYtVmMO6518mCuRMoOYFldEBl0g187ufozdaHgWKcYFb61qGiA==
  dependencies:
    balanced-match "^1.0.0"
    concat-map "0.0.1"

concat-map@0.0.1:
  version "0.0.1"
  resolved "https://registry.yarnpkg.com/concat-map/-/concat-map-0.0.1.tgz#d8a96bd77fd68df7793a73036a3ba0d5405d477b"
  integrity sha1-2Klr13/Wjfd5OnMDajug1UBdR3s=

dotenv@^8.1.0:
  version "8.1.0"
  resolved "https://registry.yarnpkg.com/dotenv/-/dotenv-8.1.0.tgz#d811e178652bfb8a1e593c6dd704ec7e90d85ea2"
  integrity sha512-GUE3gqcDCaMltj2++g6bRQ5rBJWtkWTmqmD0fo1RnnMuUqHNCt2oTPeDnS9n6fKYvlhn7AeBkb38lymBtWBQdA==

minimatch@^3.0.4:
  version "3.0.4"
  resolved "https://registry.yarnpkg.com/minimatch/-/minimatch-3.0.4.tgz#5166e286457f03306064be5497e8dbb0c3d32083"
  integrity sha512-yJHVQEhyqPLUTgt9B83PXu6W3rx4MvvHvSUvToogpwoGDOUQ+yDrR0HRot+yOCdCO7u4hX3pWft6kWBBcqh0UA==
  dependencies:
    brace-expansion "^1.1.7"

semver@^6.3.0:
  version "6.3.0"
  resolved "https://registry.yarnpkg.com/semver/-/semver-6.3.0.tgz#ee0a64c8af5e8ceea67687b133761e1becbd1d3d"
  integrity sha512-b39TBaTSfV6yBrapU89p5fKekE2m/NwnDocOVruQFS1/veMgdzuPcnOM34M6CwxW8jH/lxEa5rBoDeUwu5HHTw==

typescript@^3.6.2:
  version "3.6.2"
  resolved "https://registry.yarnpkg.com/typescript/-/typescript-3.6.2.tgz#105b0f1934119dde543ac8eb71af3a91009efe54"
  integrity sha512-lmQ4L+J6mnu3xweP8+rOrUwzmN+MRAj7TgtJtDaXE5PMyX2kCrklhg3rvOsOIfNeAWMQWO2F1GPc1kMD2vLAfw==
