# THIS IS AN AUTOGENERATED FILE. DO NOT EDIT THIS FILE DIRECTLY.
# yarn lockfile v1


"@aws-cdk/assets@1.58.0":
  version "1.58.0"
  resolved "https://registry.yarnpkg.com/@aws-cdk/assets/-/assets-1.58.0.tgz#a0d38aa15f978ed18d4a013a521a3139dac040d8"
  integrity sha512-tycOCYRYNkG5Xem1FeNgk8h1kXEjrh9wzQ4hfj9KDn058DATb+H9hceUDj8lu/sdn0UeacWsPR/+m1mkNnlXMQ==
  dependencies:
    "@aws-cdk/core" "1.58.0"
    "@aws-cdk/cx-api" "1.58.0"
    constructs "^3.0.2"

"@aws-cdk/aws-apigateway@1.58.0":
  version "1.58.0"
  resolved "https://registry.yarnpkg.com/@aws-cdk/aws-apigateway/-/aws-apigateway-1.58.0.tgz#262ee1f983d9f54b9016cd07c253c6c8432c653e"
  integrity sha512-ASluDLw9weL3bb/7p0Mh48h3RdbMyisDm0IxuOvKL8OIhD1McvQRafUlI8qJ/aVqndv9xDApkvdLVyEIxTj3rg==
  dependencies:
    "@aws-cdk/assets" "1.58.0"
    "@aws-cdk/aws-certificatemanager" "1.58.0"
    "@aws-cdk/aws-ec2" "1.58.0"
    "@aws-cdk/aws-elasticloadbalancingv2" "1.58.0"
    "@aws-cdk/aws-iam" "1.58.0"
    "@aws-cdk/aws-lambda" "1.58.0"
    "@aws-cdk/aws-logs" "1.58.0"
    "@aws-cdk/aws-s3" "1.58.0"
    "@aws-cdk/aws-s3-assets" "1.58.0"
    "@aws-cdk/core" "1.58.0"
    "@aws-cdk/cx-api" "1.58.0"
    constructs "^3.0.2"

"@aws-cdk/aws-applicationautoscaling@1.58.0":
  version "1.58.0"
  resolved "https://registry.yarnpkg.com/@aws-cdk/aws-applicationautoscaling/-/aws-applicationautoscaling-1.58.0.tgz#0e680d22e47f2ca63208c8da1c7909ade07e256a"
  integrity sha512-TTcwbF7hxIjSH+1jSetk5vBJFrKbRKp6Umr8+jfQqtLWnfTL4xOaL8KOUSfKrqIs4O8sgNaZq5ajqXsHARlI3g==
  dependencies:
    "@aws-cdk/aws-autoscaling-common" "1.58.0"
    "@aws-cdk/aws-cloudwatch" "1.58.0"
    "@aws-cdk/aws-iam" "1.58.0"
    "@aws-cdk/core" "1.58.0"
    constructs "^3.0.2"

"@aws-cdk/aws-autoscaling-common@1.58.0":
  version "1.58.0"
  resolved "https://registry.yarnpkg.com/@aws-cdk/aws-autoscaling-common/-/aws-autoscaling-common-1.58.0.tgz#1eaad6f22d47e1d566873f32d26d4b60bb38964c"
  integrity sha512-HBYoaZFqnEXGooxWI7w3puk9PlmrpCtXK6mL8bycA+9B3nvxaADLO2q54me9lhlIO7jVE1D6UsIyc75H48NOEw==
  dependencies:
    "@aws-cdk/aws-iam" "1.58.0"
    "@aws-cdk/core" "1.58.0"
    constructs "^3.0.2"

"@aws-cdk/aws-autoscaling-hooktargets@1.58.0":
  version "1.58.0"
  resolved "https://registry.yarnpkg.com/@aws-cdk/aws-autoscaling-hooktargets/-/aws-autoscaling-hooktargets-1.58.0.tgz#d6f7a801c90ce1c9590ae4daccac37464abfb837"
  integrity sha512-EB/cj7TW3LSh7HeyURJ2ZY9pwH3+chQ//BkNXKKFvtaTsIVV4syVbhpknnRhpbi9FT4s/WKogz/2GgOxACJUFA==
  dependencies:
    "@aws-cdk/aws-autoscaling" "1.58.0"
    "@aws-cdk/aws-iam" "1.58.0"
    "@aws-cdk/aws-kms" "1.58.0"
    "@aws-cdk/aws-lambda" "1.58.0"
    "@aws-cdk/aws-sns" "1.58.0"
    "@aws-cdk/aws-sns-subscriptions" "1.58.0"
    "@aws-cdk/aws-sqs" "1.58.0"
    "@aws-cdk/core" "1.58.0"
    constructs "^3.0.2"

"@aws-cdk/aws-autoscaling@1.58.0":
  version "1.58.0"
  resolved "https://registry.yarnpkg.com/@aws-cdk/aws-autoscaling/-/aws-autoscaling-1.58.0.tgz#c5d1e3239c3975b5315dd30e9fc6ba23bad6e18c"
  integrity sha512-eljgD9Lz4aZPsUNyEjDaMvz0/mmYN12mr2y8nzFeJvIlpgc885giRQWnAleWWWcUIOeV8v5ITpnDn6m/LNV4yg==
  dependencies:
    "@aws-cdk/aws-autoscaling-common" "1.58.0"
    "@aws-cdk/aws-cloudwatch" "1.58.0"
    "@aws-cdk/aws-ec2" "1.58.0"
    "@aws-cdk/aws-elasticloadbalancing" "1.58.0"
    "@aws-cdk/aws-elasticloadbalancingv2" "1.58.0"
    "@aws-cdk/aws-iam" "1.58.0"
    "@aws-cdk/aws-sns" "1.58.0"
    "@aws-cdk/core" "1.58.0"
    constructs "^3.0.2"

"@aws-cdk/aws-batch@1.58.0":
  version "1.58.0"
  resolved "https://registry.yarnpkg.com/@aws-cdk/aws-batch/-/aws-batch-1.58.0.tgz#b9afdf6712f107437436196b7e785fc378b37852"
  integrity sha512-cvF2gw+IIT/dAirY/cVkokEfbxTFY/gWQkxWw5QM9j5kaB2EEijOBTioMNNQnjQEr+6gWmmjs4bRTjAnoM9hFg==
  dependencies:
    "@aws-cdk/aws-ec2" "1.58.0"
    "@aws-cdk/aws-ecr" "1.58.0"
    "@aws-cdk/aws-ecs" "1.58.0"
    "@aws-cdk/aws-iam" "1.58.0"
    "@aws-cdk/core" "1.58.0"
    constructs "^3.0.2"

"@aws-cdk/aws-certificatemanager@1.58.0":
  version "1.58.0"
  resolved "https://registry.yarnpkg.com/@aws-cdk/aws-certificatemanager/-/aws-certificatemanager-1.58.0.tgz#b9493e32d9546ba58c59be23d474b18a4a0e9ca2"
  integrity sha512-g/eLsYlLx7KCQ3j7koAZMM4JaizdQahl2f2Bwsahqzb+yOkE456GcxxAvFp5TH8+HIuc3VqU7l9FKkRpBlThCg==
  dependencies:
    "@aws-cdk/aws-iam" "1.58.0"
    "@aws-cdk/aws-lambda" "1.58.0"
    "@aws-cdk/aws-route53" "1.58.0"
    "@aws-cdk/core" "1.58.0"
    constructs "^3.0.2"

"@aws-cdk/aws-cloudformation@1.58.0":
  version "1.58.0"
  resolved "https://registry.yarnpkg.com/@aws-cdk/aws-cloudformation/-/aws-cloudformation-1.58.0.tgz#bf075d9e13b36f2ba7bced1133c6355baef3563e"
  integrity sha512-rfHsa2jLYAdMHCKLm4y6th8fVT4qZR7bX1H83dLFEhkzWVYu8FoT8Rjzv8Pgf3U9+Ju3fR9VBh5SHm65d2xPLw==
  dependencies:
    "@aws-cdk/aws-iam" "1.58.0"
    "@aws-cdk/aws-lambda" "1.58.0"
    "@aws-cdk/aws-s3" "1.58.0"
    "@aws-cdk/aws-sns" "1.58.0"
    "@aws-cdk/core" "1.58.0"
    "@aws-cdk/cx-api" "1.58.0"
    constructs "^3.0.2"

"@aws-cdk/aws-cloudfront@1.58.0":
  version "1.58.0"
  resolved "https://registry.yarnpkg.com/@aws-cdk/aws-cloudfront/-/aws-cloudfront-1.58.0.tgz#a5d84b73b54d583a4341dde2b528a5583ec39d3c"
  integrity sha512-/aK7BtWIQMlH4PGlOpSGafQciabCMBbuQQTQJ4qtjrzyQTWYEumGLre1UliBV+4xXa33fLwNg76Crxd4RAd3mA==
  dependencies:
    "@aws-cdk/aws-certificatemanager" "1.58.0"
    "@aws-cdk/aws-iam" "1.58.0"
    "@aws-cdk/aws-kms" "1.58.0"
    "@aws-cdk/aws-lambda" "1.58.0"
    "@aws-cdk/aws-s3" "1.58.0"
    "@aws-cdk/core" "1.58.0"
    constructs "^3.0.2"

"@aws-cdk/aws-cloudwatch@1.58.0":
  version "1.58.0"
  resolved "https://registry.yarnpkg.com/@aws-cdk/aws-cloudwatch/-/aws-cloudwatch-1.58.0.tgz#e4538e1e3a8a7ec07cb5938dd033f15a08f6fab8"
  integrity sha512-tbK+nc5F+QvBHzetL6KoaWVVIfmTEPeV6pLJlyCnT1FV3C91hU8RIOdKLfPMh9yxpbxjy4gmZFEfzqgXjb++aA==
  dependencies:
    "@aws-cdk/aws-iam" "1.58.0"
    "@aws-cdk/core" "1.58.0"
    constructs "^3.0.2"

"@aws-cdk/aws-codebuild@1.58.0":
  version "1.58.0"
  resolved "https://registry.yarnpkg.com/@aws-cdk/aws-codebuild/-/aws-codebuild-1.58.0.tgz#fa3f2f07317c6308c9e748a0ca718ad2fae16a4f"
  integrity sha512-5gmorY+YVhr4QllXEMpn8H7QWf3GiF+aCGkypOPCHBTqqu4MsO1EMKuKweq3b0xp91yhPNrZ8Lxd3NFzWRt2ug==
  dependencies:
    "@aws-cdk/assets" "1.58.0"
    "@aws-cdk/aws-cloudwatch" "1.58.0"
    "@aws-cdk/aws-codecommit" "1.58.0"
    "@aws-cdk/aws-ec2" "1.58.0"
    "@aws-cdk/aws-ecr" "1.58.0"
    "@aws-cdk/aws-ecr-assets" "1.58.0"
    "@aws-cdk/aws-events" "1.58.0"
    "@aws-cdk/aws-iam" "1.58.0"
    "@aws-cdk/aws-kms" "1.58.0"
    "@aws-cdk/aws-s3" "1.58.0"
    "@aws-cdk/aws-s3-assets" "1.58.0"
    "@aws-cdk/aws-secretsmanager" "1.58.0"
    "@aws-cdk/core" "1.58.0"
    constructs "^3.0.2"

"@aws-cdk/aws-codecommit@1.58.0":
  version "1.58.0"
  resolved "https://registry.yarnpkg.com/@aws-cdk/aws-codecommit/-/aws-codecommit-1.58.0.tgz#41d17b8a3c1a260b2110e42d89e74e860bc4ba90"
  integrity sha512-4osTLy7L8aehG2IQs90552/BDz1t4bbIXRpp/y8jpdT48mLJqTJ86NXw01v5s8b3FcZobROUIzHAypDDpLLBhA==
  dependencies:
    "@aws-cdk/aws-events" "1.58.0"
    "@aws-cdk/aws-iam" "1.58.0"
    "@aws-cdk/core" "1.58.0"
    constructs "^3.0.2"

"@aws-cdk/aws-codeguruprofiler@1.58.0":
  version "1.58.0"
  resolved "https://registry.yarnpkg.com/@aws-cdk/aws-codeguruprofiler/-/aws-codeguruprofiler-1.58.0.tgz#0fd4bf13b2eda6c4346034d3e765af532063b615"
  integrity sha512-UlJ1BKXjKmKJc5nwV1ePJuzZk60s03R9+HtLg64RjbnIkuQC0No2fNoIxfMkcvcfx64FltVgh9sl8+dn2K0gxA==
  dependencies:
    "@aws-cdk/aws-iam" "1.58.0"
    "@aws-cdk/core" "1.58.0"

"@aws-cdk/aws-codepipeline@1.58.0":
  version "1.58.0"
  resolved "https://registry.yarnpkg.com/@aws-cdk/aws-codepipeline/-/aws-codepipeline-1.58.0.tgz#39f579a305433309ae300598c591dd6eefc30475"
  integrity sha512-Ui87GkbsWglg/27RFi78YkBPFOdUVQ3KcADtm4w5J3p8ERJ2rxkRlhUGQaSCY4qSvOrreeacNOAs/I8d+zrkRw==
  dependencies:
    "@aws-cdk/aws-events" "1.58.0"
    "@aws-cdk/aws-iam" "1.58.0"
    "@aws-cdk/aws-kms" "1.58.0"
    "@aws-cdk/aws-s3" "1.58.0"
    "@aws-cdk/core" "1.58.0"
    constructs "^3.0.2"

"@aws-cdk/aws-cognito@1.58.0":
  version "1.58.0"
  resolved "https://registry.yarnpkg.com/@aws-cdk/aws-cognito/-/aws-cognito-1.58.0.tgz#89a266dba3879434f83ffa0037d3c4164c05a667"
  integrity sha512-hFtzTsldKTuiZs3v/IrRMpTLwZSkPMdNCE2sEWM1jOOgkwj7YaWQjQKx8BqZlOkQ41zWxJLUc4QVlEukL5bqzw==
  dependencies:
    "@aws-cdk/aws-certificatemanager" "1.58.0"
    "@aws-cdk/aws-iam" "1.58.0"
    "@aws-cdk/aws-lambda" "1.58.0"
    "@aws-cdk/core" "1.58.0"
    "@aws-cdk/custom-resources" "1.58.0"
    constructs "^3.0.2"

"@aws-cdk/aws-ec2@1.58.0":
  version "1.58.0"
  resolved "https://registry.yarnpkg.com/@aws-cdk/aws-ec2/-/aws-ec2-1.58.0.tgz#a86ab85c971c2e83a060161b62ab426960abfa30"
  integrity sha512-KbvV3/maBmFdapDHXfAbr7Wkx+VF0IWdsSwoWfHTEThvIPQNh7P22PZ1IoAC8mops0paRX2cUv0Ndf+gWgrH6w==
  dependencies:
    "@aws-cdk/aws-cloudwatch" "1.58.0"
    "@aws-cdk/aws-iam" "1.58.0"
    "@aws-cdk/aws-kms" "1.58.0"
    "@aws-cdk/aws-logs" "1.58.0"
    "@aws-cdk/aws-s3" "1.58.0"
    "@aws-cdk/aws-ssm" "1.58.0"
    "@aws-cdk/cloud-assembly-schema" "1.58.0"
    "@aws-cdk/core" "1.58.0"
    "@aws-cdk/cx-api" "1.58.0"
    "@aws-cdk/region-info" "1.58.0"
    constructs "^3.0.2"

"@aws-cdk/aws-ecr-assets@1.58.0":
  version "1.58.0"
  resolved "https://registry.yarnpkg.com/@aws-cdk/aws-ecr-assets/-/aws-ecr-assets-1.58.0.tgz#4119ccfd086e55afb82aa145ee7d58f8c5438e23"
  integrity sha512-Klc0jv3VwPHyfujkBs1bYJmRK5rjlAUgkMIZNarXsVDkhCqQ/0MBpldvloFA2lC7Mv0V1Pz1PEf/pR2hLuU8vQ==
  dependencies:
    "@aws-cdk/assets" "1.58.0"
    "@aws-cdk/aws-ecr" "1.58.0"
    "@aws-cdk/aws-iam" "1.58.0"
    "@aws-cdk/aws-lambda" "1.58.0"
    "@aws-cdk/aws-s3" "1.58.0"
    "@aws-cdk/core" "1.58.0"
    "@aws-cdk/cx-api" "1.58.0"
    constructs "^3.0.2"
    minimatch "^3.0.4"

"@aws-cdk/aws-ecr@1.58.0":
  version "1.58.0"
  resolved "https://registry.yarnpkg.com/@aws-cdk/aws-ecr/-/aws-ecr-1.58.0.tgz#d084aa499e799aa6a2fb918602b0ab5b9ea7de79"
  integrity sha512-afO5l/J6JL7DZsAAQL38HInfmqgrcbfNpMMK+jNbJoyZYuGx8O2WX65IwlCa62y0x3lWbp1I5XQoDwnM1hAMQw==
  dependencies:
    "@aws-cdk/aws-events" "1.58.0"
    "@aws-cdk/aws-iam" "1.58.0"
    "@aws-cdk/core" "1.58.0"
    "@aws-cdk/custom-resources" "1.58.0"
    constructs "^3.0.2"

"@aws-cdk/aws-ecs@1.58.0":
  version "1.58.0"
  resolved "https://registry.yarnpkg.com/@aws-cdk/aws-ecs/-/aws-ecs-1.58.0.tgz#546cc9a178c27f801f049e67b1febe780d865320"
  integrity sha512-35ghq7gNjqBhEwUEhKVcFu6gqHS8fY0sVNCM6gyMA/tHTTqfJoDJ6r1SoOfLsS1PQmjrJ0SNNn3Ky5w2zC/ThQ==
  dependencies:
    "@aws-cdk/aws-applicationautoscaling" "1.58.0"
    "@aws-cdk/aws-autoscaling" "1.58.0"
    "@aws-cdk/aws-autoscaling-hooktargets" "1.58.0"
    "@aws-cdk/aws-certificatemanager" "1.58.0"
    "@aws-cdk/aws-cloudwatch" "1.58.0"
    "@aws-cdk/aws-ec2" "1.58.0"
    "@aws-cdk/aws-ecr" "1.58.0"
    "@aws-cdk/aws-ecr-assets" "1.58.0"
    "@aws-cdk/aws-elasticloadbalancing" "1.58.0"
    "@aws-cdk/aws-elasticloadbalancingv2" "1.58.0"
    "@aws-cdk/aws-iam" "1.58.0"
    "@aws-cdk/aws-kms" "1.58.0"
    "@aws-cdk/aws-lambda" "1.58.0"
    "@aws-cdk/aws-logs" "1.58.0"
    "@aws-cdk/aws-route53" "1.58.0"
    "@aws-cdk/aws-route53-targets" "1.58.0"
    "@aws-cdk/aws-secretsmanager" "1.58.0"
    "@aws-cdk/aws-servicediscovery" "1.58.0"
    "@aws-cdk/aws-sns" "1.58.0"
    "@aws-cdk/aws-sqs" "1.58.0"
    "@aws-cdk/aws-ssm" "1.58.0"
    "@aws-cdk/core" "1.58.0"
    "@aws-cdk/cx-api" "1.58.0"
    constructs "^3.0.2"

"@aws-cdk/aws-efs@1.58.0":
  version "1.58.0"
  resolved "https://registry.yarnpkg.com/@aws-cdk/aws-efs/-/aws-efs-1.58.0.tgz#b8e2b5a5abeaf3d49b835c71ee860cd8cc7da44c"
  integrity sha512-MoZ/lN1N7AdC5UoJ6yYCBcJLFQd9lqwv50OA4/TuRLdZh1yCneMiTw2Njr323pB9rzqAlKM16wuE3c1IL45Egw==
  dependencies:
    "@aws-cdk/aws-ec2" "1.58.0"
    "@aws-cdk/aws-kms" "1.58.0"
    "@aws-cdk/cloud-assembly-schema" "1.58.0"
    "@aws-cdk/core" "1.58.0"
    "@aws-cdk/cx-api" "1.58.0"
    constructs "^3.0.2"

"@aws-cdk/aws-elasticloadbalancing@1.58.0":
  version "1.58.0"
  resolved "https://registry.yarnpkg.com/@aws-cdk/aws-elasticloadbalancing/-/aws-elasticloadbalancing-1.58.0.tgz#3bd99fecb723dd507f28632bd0a8431370701363"
  integrity sha512-d6TsGGFjX9vGpkc9duCc/zgjOSYgmXCKDuq6FqKkIvyKummyAWbZK+EZ3JhCJu5mMmsiNrSYI98+JEENt6zrfw==
  dependencies:
    "@aws-cdk/aws-ec2" "1.58.0"
    "@aws-cdk/core" "1.58.0"
    constructs "^3.0.2"

"@aws-cdk/aws-elasticloadbalancingv2@1.58.0":
  version "1.58.0"
  resolved "https://registry.yarnpkg.com/@aws-cdk/aws-elasticloadbalancingv2/-/aws-elasticloadbalancingv2-1.58.0.tgz#6e09301f75406ef558dcebf9f3cb53df3dea0113"
  integrity sha512-XOIEFdrabI5Syp+5pQcnv0L+KhV0zTGNjxHmq3EuLAWPHh5yIenmtijOBr/LVMXGY5eciG5lYCBzC3W/i/HPGg==
  dependencies:
    "@aws-cdk/aws-certificatemanager" "1.58.0"
    "@aws-cdk/aws-cloudwatch" "1.58.0"
    "@aws-cdk/aws-ec2" "1.58.0"
    "@aws-cdk/aws-iam" "1.58.0"
    "@aws-cdk/aws-lambda" "1.58.0"
    "@aws-cdk/aws-s3" "1.58.0"
    "@aws-cdk/core" "1.58.0"
    "@aws-cdk/region-info" "1.58.0"
    constructs "^3.0.2"

"@aws-cdk/aws-events-targets@^1.58.0":
  version "1.58.0"
  resolved "https://registry.yarnpkg.com/@aws-cdk/aws-events-targets/-/aws-events-targets-1.58.0.tgz#ed3de6a9c4ef6232c261e1fb535bcf881fcc35d3"
  integrity sha512-Kl5IOqKUd7lq/Lr8dzM2kgeYImtyWX8hfcAlA5TKS+91MbeF5lekUn95iZ4DzEs/W7+uaukT3cgVZdd5apBx/A==
  dependencies:
    "@aws-cdk/aws-batch" "1.58.0"
    "@aws-cdk/aws-codebuild" "1.58.0"
    "@aws-cdk/aws-codepipeline" "1.58.0"
    "@aws-cdk/aws-ec2" "1.58.0"
    "@aws-cdk/aws-ecs" "1.58.0"
    "@aws-cdk/aws-events" "1.58.0"
    "@aws-cdk/aws-iam" "1.58.0"
    "@aws-cdk/aws-kinesis" "1.58.0"
    "@aws-cdk/aws-lambda" "1.58.0"
    "@aws-cdk/aws-sns" "1.58.0"
    "@aws-cdk/aws-sns-subscriptions" "1.58.0"
    "@aws-cdk/aws-sqs" "1.58.0"
    "@aws-cdk/aws-stepfunctions" "1.58.0"
    "@aws-cdk/core" "1.58.0"
    constructs "^3.0.2"

"@aws-cdk/aws-events@1.58.0", "@aws-cdk/aws-events@^1.58.0":
  version "1.58.0"
  resolved "https://registry.yarnpkg.com/@aws-cdk/aws-events/-/aws-events-1.58.0.tgz#97cf18393e397833832cca4b85402fc49aa8ea4c"
  integrity sha512-U+Km4D/BuQuF/SCzDJiA6+92rbiEoTR5cWbkn03cL4dy26db1kTugLwhfTvr66JKIAc8RW09w30rS5qL6arivA==
  dependencies:
    "@aws-cdk/aws-iam" "1.58.0"
    "@aws-cdk/core" "1.58.0"
    constructs "^3.0.2"

"@aws-cdk/aws-iam@1.58.0":
  version "1.58.0"
  resolved "https://registry.yarnpkg.com/@aws-cdk/aws-iam/-/aws-iam-1.58.0.tgz#61233b78eda7c9af40130ab057b81d55a919c153"
  integrity sha512-hY/HtvWjkt6N1y5ZmcnzGKgcUjPqwJ2oO3l5di11HHVRmZhkbhM1tuI4LMNMVs1bUyZGjQApHt0+Qwyjzx2JuQ==
  dependencies:
    "@aws-cdk/core" "1.58.0"
    "@aws-cdk/region-info" "1.58.0"
    constructs "^3.0.2"

"@aws-cdk/aws-kinesis@1.58.0":
  version "1.58.0"
  resolved "https://registry.yarnpkg.com/@aws-cdk/aws-kinesis/-/aws-kinesis-1.58.0.tgz#cbd6fdb978c9d4522644b8b332168404ab6c5bef"
  integrity sha512-Zedzcz1j9WRFxlObeuGE/eRNuUbdSZcJQrTa0a8j6ieog8Bh6kKjtX/7wVsFaX6R/5yqYaytCwu+17b4ONkyeA==
  dependencies:
    "@aws-cdk/aws-iam" "1.58.0"
    "@aws-cdk/aws-kms" "1.58.0"
    "@aws-cdk/aws-logs" "1.58.0"
    "@aws-cdk/core" "1.58.0"
    constructs "^3.0.2"

"@aws-cdk/aws-kms@1.58.0":
  version "1.58.0"
  resolved "https://registry.yarnpkg.com/@aws-cdk/aws-kms/-/aws-kms-1.58.0.tgz#581d1f966d5aecaa0983bf5e1274c3d4b4453aae"
  integrity sha512-2scgHAqI5KX6JWmvlTf2oJZ1WQQlIKBkCJmxJT0y525o0hkVLMB2xUCMqA/CsTFt8j/RJ1jp8LOHedux4vyJXw==
  dependencies:
    "@aws-cdk/aws-iam" "1.58.0"
    "@aws-cdk/core" "1.58.0"
    constructs "^3.0.2"

"@aws-cdk/aws-lambda@1.58.0", "@aws-cdk/aws-lambda@^1.58.0":
  version "1.58.0"
  resolved "https://registry.yarnpkg.com/@aws-cdk/aws-lambda/-/aws-lambda-1.58.0.tgz#ac556f88524d5529713625e53a8085c81a533401"
  integrity sha512-j9DcUd7+zvGHueIrsd5SPlBKKbbYD+2Efxwh4iKu9SP84YZBm25RiwtWlEVcAyEKE144zu4FyIuhPKaJxQ5/bQ==
  dependencies:
    "@aws-cdk/aws-applicationautoscaling" "1.58.0"
    "@aws-cdk/aws-cloudwatch" "1.58.0"
    "@aws-cdk/aws-codeguruprofiler" "1.58.0"
    "@aws-cdk/aws-ec2" "1.58.0"
    "@aws-cdk/aws-efs" "1.58.0"
    "@aws-cdk/aws-events" "1.58.0"
    "@aws-cdk/aws-iam" "1.58.0"
    "@aws-cdk/aws-logs" "1.58.0"
    "@aws-cdk/aws-s3" "1.58.0"
    "@aws-cdk/aws-s3-assets" "1.58.0"
    "@aws-cdk/aws-sqs" "1.58.0"
    "@aws-cdk/core" "1.58.0"
    "@aws-cdk/cx-api" "1.58.0"
    constructs "^3.0.2"

"@aws-cdk/aws-logs@1.58.0":
  version "1.58.0"
  resolved "https://registry.yarnpkg.com/@aws-cdk/aws-logs/-/aws-logs-1.58.0.tgz#0229d6005ac1758e118eabd09a1b0f4436d6ad10"
  integrity sha512-el18uIhK5t4bOtETvWvCfJU/yh3aTJscsN2nhHe0EiQ0L3TViwDUnKxwLHK+Eh+VHGjAQFUbidR0ygf+3q9I8Q==
  dependencies:
    "@aws-cdk/aws-cloudwatch" "1.58.0"
    "@aws-cdk/aws-iam" "1.58.0"
    "@aws-cdk/core" "1.58.0"
    constructs "^3.0.2"

"@aws-cdk/aws-route53-targets@1.58.0":
  version "1.58.0"
  resolved "https://registry.yarnpkg.com/@aws-cdk/aws-route53-targets/-/aws-route53-targets-1.58.0.tgz#ba27e7c5ea105d63d3fce50728b03a57745f5fa5"
  integrity sha512-FG7OXDTZEK5Jm1KFhmBsL9sKJDk4e7KoyJWckonhvVwgkyEBKYJ0V9RV1gcuRWYaaaej+MpVrTittqIPJ9fiCQ==
  dependencies:
    "@aws-cdk/aws-apigateway" "1.58.0"
    "@aws-cdk/aws-cloudfront" "1.58.0"
    "@aws-cdk/aws-cognito" "1.58.0"
    "@aws-cdk/aws-ec2" "1.58.0"
    "@aws-cdk/aws-elasticloadbalancing" "1.58.0"
    "@aws-cdk/aws-elasticloadbalancingv2" "1.58.0"
    "@aws-cdk/aws-iam" "1.58.0"
    "@aws-cdk/aws-route53" "1.58.0"
    "@aws-cdk/aws-s3" "1.58.0"
    "@aws-cdk/core" "1.58.0"
    "@aws-cdk/region-info" "1.58.0"
    constructs "^3.0.2"

"@aws-cdk/aws-route53@1.58.0":
  version "1.58.0"
  resolved "https://registry.yarnpkg.com/@aws-cdk/aws-route53/-/aws-route53-1.58.0.tgz#15a1b7e66cea7df3e085f030ac962d990500df4a"
  integrity sha512-lgqNpCMR8F7z/eM2QiMmS44G4SwfY9K0X8sBfEQSzM07mnEGRr7chLVK7kYrBlGX/A/lnykhNnyF6VptZIHj3g==
  dependencies:
    "@aws-cdk/aws-ec2" "1.58.0"
    "@aws-cdk/aws-logs" "1.58.0"
    "@aws-cdk/cloud-assembly-schema" "1.58.0"
    "@aws-cdk/core" "1.58.0"
    constructs "^3.0.2"

"@aws-cdk/aws-s3-assets@1.58.0":
  version "1.58.0"
  resolved "https://registry.yarnpkg.com/@aws-cdk/aws-s3-assets/-/aws-s3-assets-1.58.0.tgz#8ac6482171ae7dbd34e146d6bcdbbbbe309168d1"
  integrity sha512-A+hfFxIq98deOVRCPlNB8eWx4OhNkcISozS9PlEJsK2OMWEJEbhCFINI19wMjPkrYdcDCSMI0kuBf6AxAXQDdA==
  dependencies:
    "@aws-cdk/assets" "1.58.0"
    "@aws-cdk/aws-iam" "1.58.0"
    "@aws-cdk/aws-kms" "1.58.0"
    "@aws-cdk/aws-s3" "1.58.0"
    "@aws-cdk/core" "1.58.0"
    "@aws-cdk/cx-api" "1.58.0"
    constructs "^3.0.2"

"@aws-cdk/aws-s3@1.58.0":
  version "1.58.0"
  resolved "https://registry.yarnpkg.com/@aws-cdk/aws-s3/-/aws-s3-1.58.0.tgz#5b7fbbb7190bb220fb0bfef7becfe7f9bbb3a06e"
  integrity sha512-SrLctJLMUysik2olk6uoj7s5ND5DKiFYitSRpqLHheQMgfHp1KrLHz/hpCEn4V8stqnDjTkyi9W1T36YO8z0sw==
  dependencies:
    "@aws-cdk/aws-events" "1.58.0"
    "@aws-cdk/aws-iam" "1.58.0"
    "@aws-cdk/aws-kms" "1.58.0"
    "@aws-cdk/core" "1.58.0"
    constructs "^3.0.2"

"@aws-cdk/aws-sam@1.58.0":
  version "1.58.0"
  resolved "https://registry.yarnpkg.com/@aws-cdk/aws-sam/-/aws-sam-1.58.0.tgz#dcb42f516b1449308030c06c36733ca750e5a1af"
  integrity sha512-TXjtcOUYxqjhF8fMBcVOMthLuIZOC2Bu08zwsSGlBuSPe9CV3AYAYccMZbF9T+dfi3WRTD9onnKPllc4ojD4kw==
  dependencies:
    "@aws-cdk/core" "1.58.0"
    constructs "^3.0.2"

"@aws-cdk/aws-secretsmanager@1.58.0":
  version "1.58.0"
  resolved "https://registry.yarnpkg.com/@aws-cdk/aws-secretsmanager/-/aws-secretsmanager-1.58.0.tgz#d66dbea7c81504979f1653b63d60529c456c0202"
  integrity sha512-/rLsJSdTBfJHeZMeFVK/Oa6e8xImNTyED8vGl8qVoi5fJfq95FUcT5fcgUJ5/dNWRl2C0gVPRrNOr2HsPsFMkQ==
  dependencies:
    "@aws-cdk/aws-ec2" "1.58.0"
    "@aws-cdk/aws-iam" "1.58.0"
    "@aws-cdk/aws-kms" "1.58.0"
    "@aws-cdk/aws-lambda" "1.58.0"
    "@aws-cdk/aws-sam" "1.58.0"
    "@aws-cdk/core" "1.58.0"
    constructs "^3.0.2"

"@aws-cdk/aws-servicediscovery@1.58.0":
  version "1.58.0"
  resolved "https://registry.yarnpkg.com/@aws-cdk/aws-servicediscovery/-/aws-servicediscovery-1.58.0.tgz#6088517bbf98b2494f576dd58874d2d71828e90d"
  integrity sha512-PvdhyKK08OUMiEqKEOODiKRSVAUARVjMKeaEEy6bzccNFFeRbwMPcsThTuiRG9smYMgPUe10rBFLT54EQHH2SA==
  dependencies:
    "@aws-cdk/aws-ec2" "1.58.0"
    "@aws-cdk/aws-elasticloadbalancingv2" "1.58.0"
    "@aws-cdk/aws-route53" "1.58.0"
    "@aws-cdk/core" "1.58.0"
    constructs "^3.0.2"

"@aws-cdk/aws-sns-subscriptions@1.58.0":
  version "1.58.0"
  resolved "https://registry.yarnpkg.com/@aws-cdk/aws-sns-subscriptions/-/aws-sns-subscriptions-1.58.0.tgz#2dbe6ab0219dd745460fdf8be3ff8a369def6534"
  integrity sha512-d+azz5bH2n/gnjLJAUV23awQIKZvhatynh2yKziOiwpIKcYq/W7IPRdCSM6LQl5kXybSNfXXHT//65MdH/khAQ==
  dependencies:
    "@aws-cdk/aws-iam" "1.58.0"
    "@aws-cdk/aws-lambda" "1.58.0"
    "@aws-cdk/aws-sns" "1.58.0"
    "@aws-cdk/aws-sqs" "1.58.0"
    "@aws-cdk/core" "1.58.0"
    constructs "^3.0.2"

"@aws-cdk/aws-sns@1.58.0":
  version "1.58.0"
  resolved "https://registry.yarnpkg.com/@aws-cdk/aws-sns/-/aws-sns-1.58.0.tgz#75df70fe74606f7f4ed28f95872d3427192ca1f5"
  integrity sha512-4RDp8a95gh6gpz/F4batG2i2xCldDyjs38RlDyB4DC0ssT16g2AcBIZq1OCj2oy26kB9oJQSUDmV5aHfng9m6Q==
  dependencies:
    "@aws-cdk/aws-cloudwatch" "1.58.0"
    "@aws-cdk/aws-events" "1.58.0"
    "@aws-cdk/aws-iam" "1.58.0"
    "@aws-cdk/aws-kms" "1.58.0"
    "@aws-cdk/aws-sqs" "1.58.0"
    "@aws-cdk/core" "1.58.0"
    constructs "^3.0.2"

"@aws-cdk/aws-sqs@1.58.0":
  version "1.58.0"
  resolved "https://registry.yarnpkg.com/@aws-cdk/aws-sqs/-/aws-sqs-1.58.0.tgz#c0d9a5d1cd78b98b59be396c89112b78ef6c69e3"
  integrity sha512-1MSnwMcCm336FnXzvQyEl46TFLuhduT+9FaTq+7skKq7q/SIPrHj5iB36cjAm4nuoUhP37uWFePQTXDjNhsyAA==
  dependencies:
    "@aws-cdk/aws-cloudwatch" "1.58.0"
    "@aws-cdk/aws-iam" "1.58.0"
    "@aws-cdk/aws-kms" "1.58.0"
    "@aws-cdk/core" "1.58.0"
    constructs "^3.0.2"

"@aws-cdk/aws-ssm@1.58.0":
  version "1.58.0"
  resolved "https://registry.yarnpkg.com/@aws-cdk/aws-ssm/-/aws-ssm-1.58.0.tgz#64905d3ed861f2c10b124473b4a6a8bd0f4137cc"
  integrity sha512-z3pXuofqTevMl2r7AuSO83j2CP2Fvsqw4dw7yspk9qQMbVm9jA6XkyfA9n0rgqalr+5MDtLJE1VXDhMiHLQ0dQ==
  dependencies:
    "@aws-cdk/aws-iam" "1.58.0"
    "@aws-cdk/aws-kms" "1.58.0"
    "@aws-cdk/cloud-assembly-schema" "1.58.0"
    "@aws-cdk/core" "1.58.0"
    constructs "^3.0.2"

"@aws-cdk/aws-stepfunctions@1.58.0":
  version "1.58.0"
  resolved "https://registry.yarnpkg.com/@aws-cdk/aws-stepfunctions/-/aws-stepfunctions-1.58.0.tgz#74f7ea80a05fb45f7914d14d1d7e3e721024c805"
  integrity sha512-gvi5wtqGZR4RtV9sEf7mUAExXGjpi8GXLlEbWq1wUctF83NTWootWfVG/0yT96Kc+aXG7Qz97kSDrxTfmLZURw==
  dependencies:
    "@aws-cdk/aws-cloudwatch" "1.58.0"
    "@aws-cdk/aws-events" "1.58.0"
    "@aws-cdk/aws-iam" "1.58.0"
    "@aws-cdk/aws-logs" "1.58.0"
    "@aws-cdk/core" "1.58.0"
    constructs "^3.0.2"

"@aws-cdk/cloud-assembly-schema@1.58.0":
  version "1.58.0"
  resolved "https://registry.yarnpkg.com/@aws-cdk/cloud-assembly-schema/-/cloud-assembly-schema-1.58.0.tgz#c56a8b72703586bddba50a97ef60b0ce6b3a3ebe"
  integrity sha512-uihmnZL76Yq/PrOpGRV4CX0Y0OLnVQbXnNpR0WSHfLn1gbBxzJIDik0HIGOzOhA6JckhKivouJswbephuug0Ug==
  dependencies:
    jsonschema "^1.2.5"
    semver "^7.2.2"

"@aws-cdk/core@1.58.0", "@aws-cdk/core@^1.58.0":
  version "1.58.0"
  resolved "https://registry.yarnpkg.com/@aws-cdk/core/-/core-1.58.0.tgz#a568fc0b757e3120eaea1cf4e50fabec8423b09c"
  integrity sha512-3omLo3fZABhumuPXpHj9Vq35MSbuZuWmtazLdnWZp7VAACR9wVxRYcdBu3hpetWRm4eXiwECx6cIfT5jtPMkIQ==
  dependencies:
    "@aws-cdk/cloud-assembly-schema" "1.58.0"
    "@aws-cdk/cx-api" "1.58.0"
    constructs "^3.0.2"
    fs-extra "^9.0.1"
    minimatch "^3.0.4"

"@aws-cdk/custom-resources@1.58.0":
  version "1.58.0"
  resolved "https://registry.yarnpkg.com/@aws-cdk/custom-resources/-/custom-resources-1.58.0.tgz#17bc2ee47e79bc81efb21768bbf5280247d035ea"
  integrity sha512-36jDoGOi3J/GdQ32eGY3HeFjZ5skY1NcH8ag/6gcTnZMufrC2Xkc5URe9Y3wD5CVVIc5vCDVJ8w5P0gRaG/Nmg==
  dependencies:
    "@aws-cdk/aws-cloudformation" "1.58.0"
    "@aws-cdk/aws-iam" "1.58.0"
    "@aws-cdk/aws-lambda" "1.58.0"
    "@aws-cdk/aws-logs" "1.58.0"
    "@aws-cdk/aws-sns" "1.58.0"
    "@aws-cdk/core" "1.58.0"
    constructs "^3.0.2"

"@aws-cdk/cx-api@1.58.0":
  version "1.58.0"
  resolved "https://registry.yarnpkg.com/@aws-cdk/cx-api/-/cx-api-1.58.0.tgz#34310a7fbd848dd3cecc2cfa2187df856c653d2b"
  integrity sha512-t1Q7fXtk8Ux/psz0zGXY9YZkJtPY7fGurMkrAwoLGpM3GCmBR+jRBYqSHG1Rtvle6H+JdVtd1Ocs/Odfaz3bYg==
  dependencies:
    "@aws-cdk/cloud-assembly-schema" "1.58.0"
    semver "^7.2.2"

"@aws-cdk/region-info@1.58.0":
  version "1.58.0"
  resolved "https://registry.yarnpkg.com/@aws-cdk/region-info/-/region-info-1.58.0.tgz#5caefd4aa8f1b021f64e29051869bc6bbe15948b"
  integrity sha512-PAkoyPu4uxGEVTKYb1Tea6A0GoAfvC09iLfoIujHFNx38IdfrHm3X9Pn1995HvFJBuzLx1hv5AcGXOFVmwb8hg==

"@types/node@^12.7.3":
  version "12.7.3"
  resolved "https://registry.yarnpkg.com/@types/node/-/node-12.7.3.tgz#27b3f40addaf2f580459fdb405222685542f907a"
  integrity sha512-3SiLAIBkDWDg6vFo0+5YJyHPWU9uwu40Qe+v+0MH8wRKYBimHvvAOyk3EzMrD/TrIlLYfXrqDqrg913PynrMJQ==

at-least-node@^1.0.0:
  version "1.0.0"
  resolved "https://registry.yarnpkg.com/at-least-node/-/at-least-node-1.0.0.tgz#602cd4b46e844ad4effc92a8011a3c46e0238dc2"
  integrity sha512-+q/t7Ekv1EDY2l6Gda6LLiX14rU9TV20Wa3ofeQmwPFZbOMo9DXrLbOjFaaclkXKWidIaopwAObQDqwWtGUjqg==

balanced-match@^1.0.0:
  version "1.0.0"
  resolved "https://registry.yarnpkg.com/balanced-match/-/balanced-match-1.0.0.tgz#89b4d199ab2bee49de164ea02b89ce462d71b767"
  integrity sha1-ibTRmasr7kneFk6gK4nORi1xt2c=

brace-expansion@^1.1.7:
  version "1.1.11"
  resolved "https://registry.yarnpkg.com/brace-expansion/-/brace-expansion-1.1.11.tgz#3c7fcbf529d87226f3d2f52b966ff5271eb441dd"
  integrity sha512-iCuPHDFgrHX7H2vEI/5xpz07zSHB00TpugqhmYtVmMO6518mCuRMoOYFldEBl0g187ufozdaHgWKcYFb61qGiA==
  dependencies:
    balanced-match "^1.0.0"
    concat-map "0.0.1"

concat-map@0.0.1:
  version "0.0.1"
  resolved "https://registry.yarnpkg.com/concat-map/-/concat-map-0.0.1.tgz#d8a96bd77fd68df7793a73036a3ba0d5405d477b"
  integrity sha1-2Klr13/Wjfd5OnMDajug1UBdR3s=

constructs@^3.0.2:
  version "3.0.4"
  resolved "https://registry.yarnpkg.com/constructs/-/constructs-3.0.4.tgz#eb1ed5b80f6600b8d50de83971357ae0fe8e29a2"
  integrity sha512-CDvg7gMjphE3DFX4pzkF6j73NREbR8npPFW8Mx/CLRnMR035+Y1o1HrXIsNSss/dq3ZUnNTU9jKyd3fL9EOlfw==

dotenv@^8.1.0:
  version "8.1.0"
  resolved "https://registry.yarnpkg.com/dotenv/-/dotenv-8.1.0.tgz#d811e178652bfb8a1e593c6dd704ec7e90d85ea2"
  integrity sha512-GUE3gqcDCaMltj2++g6bRQ5rBJWtkWTmqmD0fo1RnnMuUqHNCt2oTPeDnS9n6fKYvlhn7AeBkb38lymBtWBQdA==

fs-extra@^9.0.1:
  version "9.0.1"
  resolved "https://registry.yarnpkg.com/fs-extra/-/fs-extra-9.0.1.tgz#910da0062437ba4c39fedd863f1675ccfefcb9fc"
  integrity sha512-h2iAoN838FqAFJY2/qVpzFXy+EBxfVE220PalAqQLDVsFOHLJrZvut5puAbCdNv6WJk+B8ihI+k0c7JK5erwqQ==
  dependencies:
    at-least-node "^1.0.0"
    graceful-fs "^4.2.0"
    jsonfile "^6.0.1"
    universalify "^1.0.0"

graceful-fs@^4.1.6, graceful-fs@^4.2.0:
  version "4.2.4"
  resolved "https://registry.yarnpkg.com/graceful-fs/-/graceful-fs-4.2.4.tgz#2256bde14d3632958c465ebc96dc467ca07a29fb"
  integrity sha512-WjKPNJF79dtJAVniUlGGWHYGz2jWxT6VhN/4m1NdkbZ2nOsEF+cI1Edgql5zCRhs/VsQYRvrXctxktVXZUkixw==

jsonfile@^6.0.1:
  version "6.0.1"
  resolved "https://registry.yarnpkg.com/jsonfile/-/jsonfile-6.0.1.tgz#98966cba214378c8c84b82e085907b40bf614179"
  integrity sha512-jR2b5v7d2vIOust+w3wtFKZIfpC2pnRmFAhAC/BuweZFQR8qZzxH1OyrQ10HmdVYiXWkYUqPVsz91cG7EL2FBg==
  dependencies:
    universalify "^1.0.0"
  optionalDependencies:
    graceful-fs "^4.1.6"

jsonschema@^1.2.5:
  version "1.2.6"
  resolved "https://registry.yarnpkg.com/jsonschema/-/jsonschema-1.2.6.tgz#52b0a8e9dc06bbae7295249d03e4b9faee8a0c0b"
  integrity sha512-SqhURKZG07JyKKeo/ir24QnS4/BV7a6gQy93bUSe4lUdNp0QNpIz2c9elWJQ9dpc5cQYY6cvCzgRwy0MQCLyqA==

minimatch@^3.0.4:
  version "3.0.4"
  resolved "https://registry.yarnpkg.com/minimatch/-/minimatch-3.0.4.tgz#5166e286457f03306064be5497e8dbb0c3d32083"
  integrity sha512-yJHVQEhyqPLUTgt9B83PXu6W3rx4MvvHvSUvToogpwoGDOUQ+yDrR0HRot+yOCdCO7u4hX3pWft6kWBBcqh0UA==
  dependencies:
    brace-expansion "^1.1.7"

semver@^7.2.2:
  version "7.3.2"
  resolved "https://registry.yarnpkg.com/semver/-/semver-7.3.2.tgz#604962b052b81ed0786aae84389ffba70ffd3938"
  integrity sha512-OrOb32TeeambH6UrhtShmF7CRDqhL6/5XpPNp2DuRH6+9QLw/orhp72j87v8Qa1ScDkvrrBNpZcDejAirJmfXQ==

typescript@^3.6.2:
  version "3.6.2"
  resolved "https://registry.yarnpkg.com/typescript/-/typescript-3.6.2.tgz#105b0f1934119dde543ac8eb71af3a91009efe54"
  integrity sha512-lmQ4L+J6mnu3xweP8+rOrUwzmN+MRAj7TgtJtDaXE5PMyX2kCrklhg3rvOsOIfNeAWMQWO2F1GPc1kMD2vLAfw==

universalify@^1.0.0:
  version "1.0.0"
  resolved "https://registry.yarnpkg.com/universalify/-/universalify-1.0.0.tgz#b61a1da173e8435b2fe3c67d29b9adf8594bd16d"
  integrity sha512-rb6X1W158d7pRQBg5gkR8uPaSfiids68LTJQYOtEUhoJUWBdaQHsuT/EUduxXYxcrt4r5PJ4fuHW1MHT6p0qug==
